
Microsoft Visual Studio Solution File, Format Version 12.00
# Visual Studio Version 17
VisualStudioVersion = 17.0.32112.339
MinimumVisualStudioVersion = 10.0.40219.1
Project("{FAE04EC0-301F-11D3-BF4B-00C04F79EFBC}") = "PetsApp", "PetsApp\PetsApp.csproj", "{8844C2F8-1677-4605-A124-4DAB869EBB75}"
EndProject
Global
	GlobalSection(SolutionConfigurationPlatforms) = preSolution
		Debug|Any CPU = Debug|Any CPU
		Release|Any CPU = Release|Any CPU
	EndGlobalSection
	GlobalSection(ProjectConfigurationPlatforms) = postSolution
		{8844C2F8-1677-4605-A124-4DAB869EBB75}.Debug|Any CPU.ActiveCfg = Debug|Any CPU
		{8844C2F8-1677-4605-A124-4DAB869EBB75}.Debug|Any CPU.Build.0 = Debug|Any CPU
		{8844C2F8-1677-4605-A124-4DAB869EBB75}.Release|Any CPU.ActiveCfg = Release|Any CPU
		{8844C2F8-1677-4605-A124-4DAB869EBB75}.Release|Any CPU.Build.0 = Release|Any CPU
	EndGlobalSection
	GlobalSection(SolutionProperties) = preSolution
		HideSolutionNode = FALSE
	EndGlobalSection
	GlobalSection(ExtensibilityGlobals) = postSolution
		SolutionGuid = {4912E082-E832-4090-8148-7C4A6F34DB85}
	EndGlobalSection
EndGlobal
